Microsoft Visual Studio Solution File, Format Version 8.00
Project("{8BC9CEB8-8B4A-11D0-8D11-00A0C91BC942}") = "UTSvrBrowser", "UTSvrBrowser.vcproj", "{107E920C-AD29-44AB-9BF6-BDECC643C33E}"
	ProjectSection(ProjectDependencies) = postProject
	EndProjectSection
EndProject
Project("{8BC9CEB8-8B4A-11D0-8D11-00A0C91BC942}") = "Core", "..\Lib\Core\Core.vcproj", "{790BC113-52FB-4565-8968-79B8B011C520}"
	ProjectSection(ProjectDependencies) = postProject
	EndProjectSection
EndProject
Project("{8BC9CEB8-8B4A-11D0-8D11-00A0C91BC942}") = "Wcl", "..\Lib\WCL\Wcl.vcproj", "{9B0335B6-93BE-4604-8497-27431874D758}"
	ProjectSection(ProjectDependencies) = postProject
	EndProjectSection
EndProject
Project("{8BC9CEB8-8B4A-11D0-8D11-00A0C91BC942}") = "MDBL", "..\Lib\MDBL\MDBL.vcproj", "{9E405156-9B1D-483A-9BBD-B86240FA86BE}"
	ProjectSection(ProjectDependencies) = postProject
	EndProjectSection
EndProject
Project("{8BC9CEB8-8B4A-11D0-8D11-00A0C91BC942}") = "NCL", "..\Lib\NCL\NCL.vcproj", "{FAB8D717-85EC-4896-B5DC-FDF0A0B67C92}"
	ProjectSection(ProjectDependencies) = postProject
	EndProjectSection
EndProject
Project("{8BC9CEB8-8B4A-11D0-8D11-00A0C91BC942}") = "Legacy", "..\Lib\Legacy\Legacy.vcproj", "{AED77F84-49CF-4B84-B319-2D07025ECA06}"
	ProjectSection(ProjectDependencies) = postProject
	EndProjectSection
EndProject
Global
	GlobalSection(DPCodeReviewSolutionGUID) = preSolution
		DPCodeReviewSolutionGUID = {00000000-0000-0000-0000-000000000000}
	EndGlobalSection
	GlobalSection(SourceCodeControl) = preSolution
		SccNumberOfProjects = 7
		SccProjectUniqueName0 = UTSvrBrowser.vcproj
		SccLocalPath0 = .
		CanCheckoutShared = true
		SccProjectUniqueName1 = ..\\Lib\\Core\\Core.vcproj
		SccProjectName1 = \u0022$/Win32/Lib/Core\u0022,\u0020QWDAAAAA
		SccLocalPath1 = ..\\Lib\\Core
		CanCheckoutShared = true
		SccProjectUniqueName2 = ..\\Lib\\WCL\\Wcl.vcproj
		SccProjectName2 = \u0022$/Win32/Lib/WCL\u0022,\u0020HPAAAAAA
		SccLocalPath2 = ..\\Lib\\WCL
		CanCheckoutShared = true
		SccProjectUniqueName3 = ..\\Lib\\MDBL\\MDBL.vcproj
		SccProjectName3 = \u0022$/Win32/Lib/MDBL\u0022,\u0020BPAAAAAA
		SccLocalPath3 = ..\\Lib\\MDBL
		CanCheckoutShared = true
		SccProjectUniqueName4 = ..\\Lib\\NCL\\NCL.vcproj
		SccProjectName4 = \u0022$/Win32/Lib/NCL\u0022,\u0020JRCAAAAA
		SccLocalPath4 = ..\\Lib\\NCL
		CanCheckoutShared = true
		SccProjectUniqueName5 = ..\\Lib\\Legacy\\Legacy.vcproj
		SccProjectName5 = \u0022$/Win32/Lib/Legacy\u0022,\u0020JHEAAAAA
		SccLocalPath5 = ..\\Lib\\Legacy
		CanCheckoutShared = true
		SccLocalPath6 = .
		CanCheckoutShared = true
		SolutionUniqueID = {C212593A-6E70-4B51-8357-01009A7DECBC}
	EndGlobalSection
	GlobalSection(SolutionConfiguration) = preSolution
		Debug = Debug
		Release = Release
	EndGlobalSection
	GlobalSection(ProjectDependencies) = postSolution
	EndGlobalSection
	GlobalSection(ProjectConfiguration) = postSolution
		{107E920C-AD29-44AB-9BF6-BDECC643C33E}.Debug.ActiveCfg = Debug|Win32
		{107E920C-AD29-44AB-9BF6-BDECC643C33E}.Debug.Build.0 = Debug|Win32
		{107E920C-AD29-44AB-9BF6-BDECC643C33E}.Release.ActiveCfg = Release|Win32
		{107E920C-AD29-44AB-9BF6-BDECC643C33E}.Release.Build.0 = Release|Win32
		{790BC113-52FB-4565-8968-79B8B011C520}.Debug.ActiveCfg = Debug|Win32
		{790BC113-52FB-4565-8968-79B8B011C520}.Debug.Build.0 = Debug|Win32
		{790BC113-52FB-4565-8968-79B8B011C520}.Release.ActiveCfg = Release|Win32
		{790BC113-52FB-4565-8968-79B8B011C520}.Release.Build.0 = Release|Win32
		{9B0335B6-93BE-4604-8497-27431874D758}.Debug.ActiveCfg = Debug|Win32
		{9B0335B6-93BE-4604-8497-27431874D758}.Debug.Build.0 = Debug|Win32
		{9B0335B6-93BE-4604-8497-27431874D758}.Release.ActiveCfg = Release|Win32
		{9B0335B6-93BE-4604-8497-27431874D758}.Release.Build.0 = Release|Win32
		{9E405156-9B1D-483A-9BBD-B86240FA86BE}.Debug.ActiveCfg = Debug|Win32
		{9E405156-9B1D-483A-9BBD-B86240FA86BE}.Debug.Build.0 = Debug|Win32
		{9E405156-9B1D-483A-9BBD-B86240FA86BE}.Release.ActiveCfg = Release|Win32
		{9E405156-9B1D-483A-9BBD-B86240FA86BE}.Release.Build.0 = Release|Win32
		{FAB8D717-85EC-4896-B5DC-FDF0A0B67C92}.Debug.ActiveCfg = Debug|Win32
		{FAB8D717-85EC-4896-B5DC-FDF0A0B67C92}.Debug.Build.0 = Debug|Win32
		{FAB8D717-85EC-4896-B5DC-FDF0A0B67C92}.Release.ActiveCfg = Release|Win32
		{FAB8D717-85EC-4896-B5DC-FDF0A0B67C92}.Release.Build.0 = Release|Win32
		{AED77F84-49CF-4B84-B319-2D07025ECA06}.Debug.ActiveCfg = Debug|Win32
		{AED77F84-49CF-4B84-B319-2D07025ECA06}.Debug.Build.0 = Debug|Win32
		{AED77F84-49CF-4B84-B319-2D07025ECA06}.Release.ActiveCfg = Release|Win32
		{AED77F84-49CF-4B84-B319-2D07025ECA06}.Release.Build.0 = Release|Win32
	EndGlobalSection
	GlobalSection(ExtensibilityGlobals) = postSolution
	EndGlobalSection
	GlobalSection(ExtensibilityAddIns) = postSolution
	EndGlobalSection
EndGlobal
